// !$*UTF8*$!
{
	archiveVersion = 1;
	classes = {
	};
	objectVersion = 46;
	objects = {

/* Begin PBXBuildFile section */
		4655D3FD1F22B3FC0036DA2B /* AppDelegate.swift in Sources */ = {isa = PBXBuildFile; fileRef = 4655D3FC1F22B3FC0036DA2B /* AppDelegate.swift */; };
		4655D4021F22B3FC0036DA2B /* Main.storyboard in Resources */ = {isa = PBXBuildFile; fileRef = 4655D4001F22B3FC0036DA2B /* Main.storyboard */; };
		4655D4051F22B3FC0036DA2B /* color_navigation_challenge.xcdatamodeld in Sources */ = {isa = PBXBuildFile; fileRef = 4655D4031F22B3FC0036DA2B /* color_navigation_challenge.xcdatamodeld */; };
		4655D4071F22B3FC0036DA2B /* Assets.xcassets in Resources */ = {isa = PBXBuildFile; fileRef = 4655D4061F22B3FC0036DA2B /* Assets.xcassets */; };
		4655D40A1F22B3FC0036DA2B /* LaunchScreen.storyboard in Resources */ = {isa = PBXBuildFile; fileRef = 4655D4081F22B3FC0036DA2B /* LaunchScreen.storyboard */; };
		4655D4151F22B3FC0036DA2B /* color_navigation_challengeTests.swift in Sources */ = {isa = PBXBuildFile; fileRef = 4655D4141F22B3FC0036DA2B /* color_navigation_challengeTests.swift */; };
		4655D4201F22B3FC0036DA2B /* color_navigation_challengeUITests.swift in Sources */ = {isa = PBXBuildFile; fileRef = 4655D41F1F22B3FC0036DA2B /* color_navigation_challengeUITests.swift */; };
		4655D42E1F22B41A0036DA2B /* colorViewController.swift in Sources */ = {isa = PBXBuildFile; fileRef = 4655D42D1F22B41A0036DA2B /* colorViewController.swift */; };
/* End PBXBuildFile section */

/* Begin PBXContainerItemProxy section */
		4655D4111F22B3FC0036DA2B /* PBXContainerItemProxy */ = {
			isa = PBXContainerItemProxy;
			containerPortal = 4655D3F11F22B3FC0036DA2B /* Project object */;
			proxyType = 1;
			remoteGlobalIDString = 4655D3F81F22B3FC0036DA2B;
			remoteInfo = "color-navigation-challenge";
		};
		4655D41C1F22B3FC0036DA2B /* PBXContainerItemProxy */ = {
			isa = PBXContainerItemProxy;
			containerPortal = 4655D3F11F22B3FC0036DA2B /* Project object */;
			proxyType = 1;
			remoteGlobalIDString = 4655D3F81F22B3FC0036DA2B;
			remoteInfo = "color-navigation-challenge";
		};
/* End PBXContainerItemProxy section */

/* Begin PBXFileReference section */
		4655D3F91F22B3FC0036DA2B /* color-navigation-challenge.app */ = {isa = PBXFileReference; explicitFileType = wrapper.application; includeInIndex = 0; path = "color-navigation-challenge.app"; sourceTree = BUILT_PRODUCTS_DIR; };
		4655D3FC1F22B3FC0036DA2B /* AppDelegate.swift */ = {isa = PBXFileReference; lastKnownFileType = sourcecode.swift; path = AppDelegate.swift; sourceTree = "<group>"; };
		4655D4011F22B3FC0036DA2B /* Base */ = {isa = PBXFileReference; lastKnownFileType = file.storyboard; name = Base; path = Base.lproj/Main.storyboard; sourceTree = "<group>"; };
		4655D4041F22B3FC0036DA2B /* color_navigation_challenge.xcdatamodel */ = {isa = PBXFileReference; lastKnownFileType = wrapper.xcdatamodel; path = color_navigation_challenge.xcdatamodel; sourceTree = "<group>"; };
		4655D4061F22B3FC0036DA2B /* Assets.xcassets */ = {isa = PBXFileReference; lastKnownFileType = folder.assetcatalog; path = Assets.xcassets; sourceTree = "<group>"; };
		4655D4091F22B3FC0036DA2B /* Base */ = {isa = PBXFileReference; lastKnownFileType = file.storyboard; name = Base; path = Base.lproj/LaunchScreen.storyboard; sourceTree = "<group>"; };
		4655D40B1F22B3FC0036DA2B /* Info.plist */ = {isa = PBXFileReference; lastKnownFileType = text.plist.xml; path = Info.plist; sourceTree = "<group>"; };
		4655D4101F22B3FC0036DA2B /* color-navigation-challengeTests.xctest */ = {isa = PBXFileReference; explicitFileType = wrapper.cfbundle; includeInIndex = 0; path = "color-navigation-challengeTests.xctest"; sourceTree = BUILT_PRODUCTS_DIR; };
		4655D4141F22B3FC0036DA2B /* color_navigation_challengeTests.swift */ = {isa = PBXFileReference; lastKnownFileType = sourcecode.swift; path = color_navigation_challengeTests.swift; sourceTree = "<group>"; };
		4655D4161F22B3FC0036DA2B /* Info.plist */ = {isa = PBXFileReference; lastKnownFileType = text.plist.xml; path = Info.plist; sourceTree = "<group>"; };
		4655D41B1F22B3FC0036DA2B /* color-navigation-challengeUITests.xctest */ = {isa = PBXFileReference; explicitFileType = wrapper.cfbundle; includeInIndex = 0; path = "color-navigation-challengeUITests.xctest"; sourceTree = BUILT_PRODUCTS_DIR; };
		4655D41F1F22B3FC0036DA2B /* color_navigation_challengeUITests.swift */ = {isa = PBXFileReference; lastKnownFileType = sourcecode.swift; path = color_navigation_challengeUITests.swift; sourceTree = "<group>"; };
		4655D4211F22B3FC0036DA2B /* Info.plist */ = {isa = PBXFileReference; lastKnownFileType = text.plist.xml; path = Info.plist; sourceTree = "<group>"; };
		4655D42D1F22B41A0036DA2B /* colorViewController.swift */ = {isa = PBXFileReference; fileEncoding = 4; lastKnownFileType = sourcecode.swift; path = colorViewController.swift; sourceTree = "<group>"; };
/* End PBXFileReference section */

/* Begin PBXFrameworksBuildPhase section */
		4655D3F61F22B3FC0036DA2B /* Frameworks */ = {
			isa = PBXFrameworksBuildPhase;
			buildActionMask = 2147483647;
			files = (
			);
			runOnlyForDeploymentPostprocessing = 0;
		};
		4655D40D1F22B3FC0036DA2B /* Frameworks */ = {
			isa = PBXFrameworksBuildPhase;
			buildActionMask = 2147483647;
			files = (
			);
			runOnlyForDeploymentPostprocessing = 0;
		};
		4655D4181F22B3FC0036DA2B /* Frameworks */ = {
			isa = PBXFrameworksBuildPhase;
			buildActionMask = 2147483647;
			files = (
			);
			runOnlyForDeploymentPostprocessing = 0;
		};
/* End PBXFrameworksBuildPhase section */

/* Begin PBXGroup section */
		4655D3F01F22B3FC0036DA2B = {
			isa = PBXGroup;
			children = (
				4655D3FB1F22B3FC0036DA2B /* color-navigation-challenge */,
				4655D4131F22B3FC0036DA2B /* color-navigation-challengeTests */,
				4655D41E1F22B3FC0036DA2B /* color-navigation-challengeUITests */,
				4655D3FA1F22B3FC0036DA2B /* Products */,
			);
			sourceTree = "<group>";
		};
		4655D3FA1F22B3FC0036DA2B /* Products */ = {
			isa = PBXGroup;
			children = (
				4655D3F91F22B3FC0036DA2B /* color-navigation-challenge.app */,
				4655D4101F22B3FC0036DA2B /* color-navigation-challengeTests.xctest */,
				4655D41B1F22B3FC0036DA2B /* color-navigation-challengeUITests.xctest */,
			);
			name = Products;
			sourceTree = "<group>";
		};
		4655D3FB1F22B3FC0036DA2B /* color-navigation-challenge */ = {
			isa = PBXGroup;
			children = (
				4655D3FC1F22B3FC0036DA2B /* AppDelegate.swift */,
				4655D4001F22B3FC0036DA2B /* Main.storyboard */,
				4655D4061F22B3FC0036DA2B /* Assets.xcassets */,
				4655D4081F22B3FC0036DA2B /* LaunchScreen.storyboard */,
				4655D40B1F22B3FC0036DA2B /* Info.plist */,
				4655D4031F22B3FC0036DA2B /* color_navigation_challenge.xcdatamodeld */,
				4655D42D1F22B41A0036DA2B /* colorViewController.swift */,
			);
			path = "color-navigation-challenge";
			sourceTree = "<group>";
		};
		4655D4131F22B3FC0036DA2B /* color-navigation-challengeTests */ = {
			isa = PBXGroup;
			children = (
				4655D4141F22B3FC0036DA2B /* color_navigation_challengeTests.swift */,
				4655D4161F22B3FC0036DA2B /* Info.plist */,
			);
			path = "color-navigation-challengeTests";
			sourceTree = "<group>";
		};
		4655D41E1F22B3FC0036DA2B /* color-navigation-challengeUITests */ = {
			isa = PBXGroup;
			children = (
				4655D41F1F22B3FC0036DA2B /* color_navigation_challengeUITests.swift */,
				4655D4211F22B3FC0036DA2B /* Info.plist */,
			);
			path = "color-navigation-challengeUITests";
			sourceTree = "<group>";
		};
/* End PBXGroup section */

/* Begin PBXNativeTarget section */
		4655D3F81F22B3FC0036DA2B /* color-navigation-challenge */ = {
			isa = PBXNativeTarget;
			buildConfigurationList = 4655D4241F22B3FC0036DA2B /* Build configuration list for PBXNativeTarget "color-navigation-challenge" */;
			buildPhases = (
				4655D3F51F22B3FC0036DA2B /* Sources */,
				4655D3F61F22B3FC0036DA2B /* Frameworks */,
				4655D3F71F22B3FC0036DA2B /* Resources */,
			);
			buildRules = (
			);
			dependencies = (
			);
			name = "color-navigation-challenge";
			productName = "color-navigation-challenge";
			productReference = 4655D3F91F22B3FC0036DA2B /* color-navigation-challenge.app */;
			productType = "com.apple.product-type.application";
		};
		4655D40F1F22B3FC0036DA2B /* color-navigation-challengeTests */ = {
			isa = PBXNativeTarget;
			buildConfigurationList = 4655D4271F22B3FC0036DA2B /* Build configuration list for PBXNativeTarget "color-navigation-challengeTests" */;
			buildPhases = (
				4655D40C1F22B3FC0036DA2B /* Sources */,
				4655D40D1F22B3FC0036DA2B /* Frameworks */,
				4655D40E1F22B3FC0036DA2B /* Resources */,
			);
			buildRules = (
			);
			dependencies = (
				4655D4121F22B3FC0036DA2B /* PBXTargetDependency */,
			);
			name = "color-navigation-challengeTests";
			productName = "color-navigation-challengeTests";
			productReference = 4655D4101F22B3FC0036DA2B /* color-navigation-challengeTests.xctest */;
			productType = "com.apple.product-type.bundle.unit-test";
		};
		4655D41A1F22B3FC0036DA2B /* color-navigation-challengeUITests */ = {
			isa = PBXNativeTarget;
			buildConfigurationList = 4655D42A1F22B3FC0036DA2B /* Build configuration list for PBXNativeTarget "color-navigation-challengeUITests" */;
			buildPhases = (
				4655D4171F22B3FC0036DA2B /* Sources */,
				4655D4181F22B3FC0036DA2B /* Frameworks */,
				4655D4191F22B3FC0036DA2B /* Resources */,
			);
			buildRules = (
			);
			dependencies = (
				4655D41D1F22B3FC0036DA2B /* PBXTargetDependency */,
			);
			name = "color-navigation-challengeUITests";
			productName = "color-navigation-challengeUITests";
			productReference = 4655D41B1F22B3FC0036DA2B /* color-navigation-challengeUITests.xctest */;
			productType = "com.apple.product-type.bundle.ui-testing";
		};
/* End PBXNativeTarget section */

/* Begin PBXProject section */
		4655D3F11F22B3FC0036DA2B /* Project object */ = {
			isa = PBXProject;
			attributes = {
				LastSwiftUpdateCheck = 0830;
				LastUpgradeCheck = 0830;
				ORGANIZATIONNAME = "Kevin Brennan";
				TargetAttributes = {
					4655D3F81F22B3FC0036DA2B = {
						CreatedOnToolsVersion = 8.3.3;
						DevelopmentTeam = 4C5L5G6LFA;
						ProvisioningStyle = Automatic;
					};
					4655D40F1F22B3FC0036DA2B = {
						CreatedOnToolsVersion = 8.3.3;
						DevelopmentTeam = 4C5L5G6LFA;
						ProvisioningStyle = Automatic;
						TestTargetID = 4655D3F81F22B3FC0036DA2B;
					};
					4655D41A1F22B3FC0036DA2B = {
						CreatedOnToolsVersion = 8.3.3;
						DevelopmentTeam = 4C5L5G6LFA;
						ProvisioningStyle = Automatic;
						TestTargetID = 4655D3F81F22B3FC0036DA2B;
					};
				};
			};
			buildConfigurationList = 4655D3F41F22B3FC0036DA2B /* Build configuration list for PBXProject "color-navigation-challenge" */;
			compatibilityVersion = "Xcode 3.2";
			developmentRegion = English;
			hasScannedForEncodings = 0;
			knownRegions = (
				en,
				Base,
			);
			mainGroup = 4655D3F01F22B3FC0036DA2B;
			productRefGroup = 4655D3FA1F22B3FC0036DA2B /* Products */;
			projectDirPath = "";
			projectRoot = "";
			targets = (
				4655D3F81F22B3FC0036DA2B /* color-navigation-challenge */,
				4655D40F1F22B3FC0036DA2B /* color-navigation-challengeTests */,
				4655D41A1F22B3FC0036DA2B /* color-navigation-challengeUITests */,
			);
		};
/* End PBXProject section */

/* Begin PBXResourcesBuildPhase section */
		4655D3F71F22B3FC0036DA2B /* Resources */ = {
			isa = PBXResourcesBuildPhase;
			buildActionMask = 2147483647;
			files = (
				4655D40A1F22B3FC0036DA2B /* LaunchScreen.storyboard in Resources */,
				4655D4071F22B3FC0036DA2B /* Assets.xcassets in Resources */,
				4655D4021F22B3FC0036DA2B /* Main.storyboard in Resources */,
			);
			runOnlyForDeploymentPostprocessing = 0;
		};
		4655D40E1F22B3FC0036DA2B /* Resources */ = {
			isa = PBXResourcesBuildPhase;
			buildActionMask = 2147483647;
			files = (
			);
			runOnlyForDeploymentPostprocessing = 0;
		};
		4655D4191F22B3FC0036DA2B /* Resources */ = {
			isa = PBXResourcesBuildPhase;
			buildActionMask = 2147483647;
			files = (
			);
			runOnlyForDeploymentPostprocessing = 0;
		};
/* End PBXResourcesBuildPhase section */

/* Begin PBXSourcesBuildPhase section */
		4655D3F51F22B3FC0036DA2B /* Sources */ = {
			isa = PBXSourcesBuildPhase;
			buildActionMask = 2147483647;
			files = (
				4655D42E1F22B41A0036DA2B /* colorViewController.swift in Sources */,
				4655D4051F22B3FC0036DA2B /* color_navigation_challenge.xcdatamodeld in Sources */,
				4655D3FD1F22B3FC0036DA2B /* AppDelegate.swift in Sources */,
			);
			runOnlyForDeploymentPostprocessing = 0;
		};
		4655D40C1F22B3FC0036DA2B /* Sources */ = {
			isa = PBXSourcesBuildPhase;
			buildActionMask = 2147483647;
			files = (
				4655D4151F22B3FC0036DA2B /* color_navigation_challengeTests.swift in Sources */,
			);
			runOnlyForDeploymentPostprocessing = 0;
		};
		4655D4171F22B3FC0036DA2B /* Sources */ = {
			isa = PBXSourcesBuildPhase;
			buildActionMask = 2147483647;
			files = (
				4655D4201F22B3FC0036DA2B /* color_navigation_challengeUITests.swift in Sources */,
			);
			runOnlyForDeploymentPostprocessing = 0;
		};
/* End PBXSourcesBuildPhase section */

/* Begin PBXTargetDependency section */
		4655D4121F22B3FC0036DA2B /* PBXTargetDependency */ = {
			isa = PBXTargetDependency;
			target = 4655D3F81F22B3FC0036DA2B /* color-navigation-challenge */;
			targetProxy = 4655D4111F22B3FC0036DA2B /* PBXContainerItemProxy */;
		};
		4655D41D1F22B3FC0036DA2B /* PBXTargetDependency */ = {
			isa = PBXTargetDependency;
			target = 4655D3F81F22B3FC0036DA2B /* color-navigation-challenge */;
			targetProxy = 4655D41C1F22B3FC0036DA2B /* PBXContainerItemProxy */;
		};
/* End PBXTargetDependency section */

/* Begin PBXVariantGroup section */
		4655D4001F22B3FC0036DA2B /* Main.storyboard */ = {
			isa = PBXVariantGroup;
			children = (
				4655D4011F22B3FC0036DA2B /* Base */,
			);
			name = Main.storyboard;
			sourceTree = "<group>";
		};
		4655D4081F22B3FC0036DA2B /* LaunchScreen.storyboard */ = {
			isa = PBXVariantGroup;
			children = (
				4655D4091F22B3FC0036DA2B /* Base */,
			);
			name = LaunchScreen.storyboard;
			sourceTree = "<group>";
		};
/* End PBXVariantGroup section */

/* Begin XCBuildConfiguration section */
		4655D4221F22B3FC0036DA2B /* Debug */ = {
			isa = XCBuildConfiguration;
			buildSettings = {
				ALWAYS_SEARCH_USER_PATHS = NO;
				CLANG_ANALYZER_NONNULL = YES;
				CLANG_ANALYZER_NUMBER_OBJECT_CONVERSION = YES_AGGRESSIVE;
				CLANG_CXX_LANGUAGE_STANDARD = "gnu++0x";
				CLANG_CXX_LIBRARY = "libc++";
				CLANG_ENABLE_MODULES = YES;
				CLANG_ENABLE_OBJC_ARC = YES;
				CLANG_WARN_BOOL_CONVERSION = YES;
				CLANG_WARN_CONSTANT_CONVERSION = YES;
				CLANG_WARN_DIRECT_OBJC_ISA_USAGE = YES_ERROR;
				CLANG_WARN_DOCUMENTATION_COMMENTS = YES;
				CLANG_WARN_EMPTY_BODY = YES;
				CLANG_WARN_ENUM_CONVERSION = YES;
				CLANG_WARN_INFINITE_RECURSION = YES;
				CLANG_WARN_INT_CONVERSION = YES;
				CLANG_WARN_OBJC_ROOT_CLASS = YES_ERROR;
				CLANG_WARN_SUSPICIOUS_MOVE = YES;
				CLANG_WARN_UNREACHABLE_CODE = YES;
				CLANG_WARN__DUPLICATE_METHOD_MATCH = YES;
				"CODE_SIGN_IDENTITY[sdk=iphoneos*]" = "iPhone Developer";
				COPY_PHASE_STRIP = NO;
				DEBUG_INFORMATION_FORMAT = dwarf;
				ENABLE_STRICT_OBJC_MSGSEND = YES;
				ENABLE_TESTABILITY = YES;
				GCC_C_LANGUAGE_STANDARD = gnu99;
				GCC_DYNAMIC_NO_PIC = NO;
				GCC_NO_COMMON_BLOCKS = YES;
				GCC_OPTIMIZATION_LEVEL = 0;
				GCC_PREPROCESSOR_DEFINITIONS = (
					"DEBUG=1",
					"$(inherited)",
				);
				GCC_WARN_64_TO_32_BIT_CONVERSION = YES;
				GCC_WARN_ABOUT_RETURN_TYPE = YES_ERROR;
				GCC_WARN_UNDECLARED_SELECTOR = YES;
				GCC_WARN_UNINITIALIZED_AUTOS = YES_AGGRESSIVE;
				GCC_WARN_UNUSED_FUNCTION = YES;
				GCC_WARN_UNUSED_VARIABLE = YES;
				IPHONEOS_DEPLOYMENT_TARGET = 10.3;
				MTL_ENABLE_DEBUG_INFO = YES;
				ONLY_ACTIVE_ARCH = YES;
				SDKROOT = iphoneos;
				SWIFT_ACTIVE_COMPILATION_CONDITIONS = DEBUG;
				SWIFT_OPTIMIZATION_LEVEL = "-Onone";
				TARGETED_DEVICE_FAMILY = "1,2";
			};
			name = Debug;
		};
		4655D4231F22B3FC0036DA2B /* Release */ = {
			isa = XCBuildConfiguration;
			buildSettings = {
				ALWAYS_SEARCH_USER_PATHS = NO;
				CLANG_ANALYZER_NONNULL = YES;
				CLANG_ANALYZER_NUMBER_OBJECT_CONVERSION = YES_AGGRESSIVE;
				CLANG_CXX_LANGUAGE_STANDARD = "gnu++0x";
				CLANG_CXX_LIBRARY = "libc++";
				CLANG_ENABLE_MODULES = YES;
				CLANG_ENABLE_OBJC_ARC = YES;
				CLANG_WARN_BOOL_CONVERSION = YES;
				CLANG_WARN_CONSTANT_CONVERSION = YES;
				CLANG_WARN_DIRECT_OBJC_ISA_USAGE = YES_ERROR;
				CLANG_WARN_DOCUMENTATION_COMMENTS = YES;
				CLANG_WARN_EMPTY_BODY = YES;
				CLANG_WARN_ENUM_CONVERSION = YES;
				CLANG_WARN_INFINITE_RECURSION = YES;
				CLANG_WARN_INT_CONVERSION = YES;
				CLANG_WARN_OBJC_ROOT_CLASS = YES_ERROR;
				CLANG_WARN_SUSPICIOUS_MOVE = YES;
				CLANG_WARN_UNREACHABLE_CODE = YES;
				CLANG_WARN__DUPLICATE_METHOD_MATCH = YES;
				"CODE_SIGN_IDENTITY[sdk=iphoneos*]" = "iPhone Developer";
				COPY_PHASE_STRIP = NO;
				DEBUG_INFORMATION_FORMAT = "dwarf-with-dsym";
				ENABLE_NS_ASSERTIONS = NO;
				ENABLE_STRICT_OBJC_MSGSEND = YES;
				GCC_C_LANGUAGE_STANDARD = gnu99;
				GCC_NO_COMMON_BLOCKS = YES;
				GCC_WARN_64_TO_32_BIT_CONVERSION = YES;
				GCC_WARN_ABOUT_RETURN_TYPE = YES_ERROR;
				GCC_WARN_UNDECLARED_SELECTOR = YES;
				GCC_WARN_UNINITIALIZED_AUTOS = YES_AGGRESSIVE;
				GCC_WARN_UNUSED_FUNCTION = YES;
				GCC_WARN_UNUSED_VARIABLE = YES;
				IPHONEOS_DEPLOYMENT_TARGET = 10.3;
				MTL_ENABLE_DEBUG_INFO = NO;
				SDKROOT = iphoneos;
				SWIFT_OPTIMIZATION_LEVEL = "-Owholemodule";
				TARGETED_DEVICE_FAMILY = "1,2";
				VALIDATE_PRODUCT = YES;
			};
			name = Release;
		};
		4655D4251F22B3FC0036DA2B /* Debug */ = {
			isa = XCBuildConfiguration;
			buildSettings = {
				ASSETCATALOG_COMPILER_APPICON_NAME = AppIcon;
				DEVELOPMENT_TEAM = 4C5L5G6LFA;
				INFOPLIST_FILE = "color-navigation-challenge/Info.plist";
				LD_RUNPATH_SEARCH_PATHS = "$(inherited) @executable_path/Frameworks";
				PRODUCT_BUNDLE_IDENTIFIER = "online.techinnovator.color-navigation-challenge";
				PRODUCT_NAME = "$(TARGET_NAME)";
				SWIFT_VERSION = 3.0;
			};
			name = Debug;
		};
		4655D4261F22B3FC0036DA2B /* Release */ = {
			isa = XCBuildConfiguration;
			buildSettings = {
				ASSETCATALOG_COMPILER_APPICON_NAME = AppIcon;
				DEVELOPMENT_TEAM = 4C5L5G6LFA;
				INFOPLIST_FILE = "color-navigation-challenge/Info.plist";
				LD_RUNPATH_SEARCH_PATHS = "$(inherited) @executable_path/Frameworks";
				PRODUCT_BUNDLE_IDENTIFIER = "online.techinnovator.color-navigation-challenge";
				PRODUCT_NAME = "$(TARGET_NAME)";
				SWIFT_VERSION = 3.0;
			};
			name = Release;
		};
		4655D4281F22B3FC0036DA2B /* Debug */ = {
			isa = XCBuildConfiguration;
			buildSettings = {
				ALWAYS_EMBED_SWIFT_STANDARD_LIBRARIES = YES;
				BUNDLE_LOADER = "$(TEST_HOST)";
				DEVELOPMENT_TEAM = 4C5L5G6LFA;
				INFOPLIST_FILE = "color-navigation-challengeTests/Info.plist";
				LD_RUNPATH_SEARCH_PATHS = "$(inherited) @executable_path/Frameworks @loader_path/Frameworks";
				PRODUCT_BUNDLE_IDENTIFIER = "online.techinnovator.color-navigation-challengeTests";
				PRODUCT_NAME = "$(TARGET_NAME)";
				SWIFT_VERSION = 3.0;
				TEST_HOST = "$(BUILT_PRODUCTS_DIR)/color-navigation-challenge.app/color-navigation-challenge";
			};
			name = Debug;
		};
		4655D4291F22B3FC0036DA2B /* Release */ = {
			isa = XCBuildConfiguration;
			buildSettings = {
				ALWAYS_EMBED_SWIFT_STANDARD_LIBRARIES = YES;
				BUNDLE_LOADER = "$(TEST_HOST)";
				DEVELOPMENT_TEAM = 4C5L5G6LFA;
				INFOPLIST_FILE = "color-navigation-challengeTests/Info.plist";
				LD_RUNPATH_SEARCH_PATHS = "$(inherited) @executable_path/Frameworks @loader_path/Frameworks";
				PRODUCT_BUNDLE_IDENTIFIER = "online.techinnovator.color-navigation-challengeTests";
				PRODUCT_NAME = "$(TARGET_NAME)";
				SWIFT_VERSION = 3.0;
				TEST_HOST = "$(BUILT_PRODUCTS_DIR)/color-navigation-challenge.app/color-navigation-challenge";
			};
			name = Release;
		};
		4655D42B1F22B3FC0036DA2B /* Debug */ = {
			isa = XCBuildConfiguration;
			buildSettings = {
				ALWAYS_EMBED_SWIFT_STANDARD_LIBRARIES = YES;
				DEVELOPMENT_TEAM = 4C5L5G6LFA;
				INFOPLIST_FILE = "color-navigation-challengeUITests/Info.plist";
				LD_RUNPATH_SEARCH_PATHS = "$(inherited) @executable_path/Frameworks @loader_path/Frameworks";
				PRODUCT_BUNDLE_IDENTIFIER = "online.techinnovator.color-navigation-challengeUITests";
				PRODUCT_NAME = "$(TARGET_NAME)";
				SWIFT_VERSION = 3.0;
				TEST_TARGET_NAME = "color-navigation-challenge";
			};
			name = Debug;
		};
		4655D42C1F22B3FC0036DA2B /* Release */ = {
			isa = XCBuildConfiguration;
			buildSettings = {
				ALWAYS_EMBED_SWIFT_STANDARD_LIBRARIES = YES;
				DEVELOPMENT_TEAM = 4C5L5G6LFA;
				INFOPLIST_FILE = "color-navigation-challengeUITests/Info.plist";
				LD_RUNPATH_SEARCH_PATHS = "$(inherited) @executable_path/Frameworks @loader_path/Frameworks";
				PRODUCT_BUNDLE_IDENTIFIER = "online.techinnovator.color-navigation-challengeUITests";
				PRODUCT_NAME = "$(TARGET_NAME)";
				SWIFT_VERSION = 3.0;
				TEST_TARGET_NAME = "color-navigation-challenge";
			};
			name = Release;
		};
/* End XCBuildConfiguration section */

/* Begin XCConfigurationList section */
		4655D3F41F22B3FC0036DA2B /* Build configuration list for PBXProject "color-navigation-challenge" */ = {
			isa = XCConfigurationList;
			buildConfigurations = (
				4655D4221F22B3FC0036DA2B /* Debug */,
				4655D4231F22B3FC0036DA2B /* Release */,
			);
			defaultConfigurationIsVisible = 0;
			defaultConfigurationName = Release;
		};
		4655D4241F22B3FC0036DA2B /* Build configuration list for PBXNativeTarget "color-navigation-challenge" */ = {
			isa = XCConfigurationList;
			buildConfigurations = (
				4655D4251F22B3FC0036DA2B /* Debug */,
				4655D4261F22B3FC0036DA2B /* Release */,
			);
			defaultConfigurationIsVisible = 0;
		};
		4655D4271F22B3FC0036DA2B /* Build configuration list for PBXNativeTarget "color-navigation-challengeTests" */ = {
			isa = XCConfigurationList;
			buildConfigurations = (
				4655D4281F22B3FC0036DA2B /* Debug */,
				4655D4291F22B3FC0036DA2B /* Release */,
			);
			defaultConfigurationIsVisible = 0;
		};
		4655D42A1F22B3FC0036DA2B /* Build configuration list for PBXNativeTarget "color-navigation-challengeUITests" */ = {
			isa = XCConfigurationList;
			buildConfigurations = (
				4655D42B1F22B3FC0036DA2B /* Debug */,
				4655D42C1F22B3FC0036DA2B /* Release */,
			);
			defaultConfigurationIsVisible = 0;
		};
/* End XCConfigurationList section */

/* Begin XCVersionGroup section */
		4655D4031F22B3FC0036DA2B /* color_navigation_challenge.xcdatamodeld */ = {
			isa = XCVersionGroup;
			children = (
				4655D4041F22B3FC0036DA2B /* color_navigation_challenge.xcdatamodel */,
			);
			currentVersion = 4655D4041F22B3FC0036DA2B /* color_navigation_challenge.xcdatamodel */;
			path = color_navigation_challenge.xcdatamodeld;
			sourceTree = "<group>";
			versionGroupType = wrapper.xcdatamodel;
		};
/* End XCVersionGroup section */
	};
	rootObject = 4655D3F11F22B3FC0036DA2B /* Project object */;
}
